
Microsoft Visual Studio Solution File, Format Version 12.00
# Visual Studio Version 17
VisualStudioVersion = 17.0.31612.314
MinimumVisualStudioVersion = 10.0.40219.1
Project("{9A19103F-16F7-4668-BE54-9A1E7A4F7556}") = "Tidy", "TaskbarTidal\Tidy.csproj", "{57B4E65E-F047-4309-BDFF-B696E4477528}"
EndProject
Global
	GlobalSection(SolutionConfigurationPlatforms) = preSolution
		Debug|Any CPU = Debug|Any CPU
		Release|Any CPU = Release|Any CPU
	EndGlobalSection
	GlobalSection(ProjectConfigurationPlatforms) = postSolution
		{57B4E65E-F047-4309-BDFF-B696E4477528}.Debug|Any CPU.ActiveCfg = Debug|Any CPU
		{57B4E65E-F047-4309-BDFF-B696E4477528}.Debug|Any CPU.Build.0 = Debug|Any CPU
		{57B4E65E-F047-4309-BDFF-B696E4477528}.Release|Any CPU.ActiveCfg = Release|Any CPU
		{57B4E65E-F047-4309-BDFF-B696E4477528}.Release|Any CPU.Build.0 = Release|Any CPU
	EndGlobalSection
	GlobalSection(SolutionProperties) = preSolution
		HideSolutionNode = FALSE
	EndGlobalSection
	GlobalSection(ExtensibilityGlobals) = postSolution
		SolutionGuid = {6E6557A1-0A04-446A-A88B-EDC0C3AB1EB4}
	EndGlobalSection
EndGlobal
